
Microsoft Visual Studio Solution File, Format Version 12.00
# Visual Studio Version 17
VisualStudioVersion = 17.10.34928.147
MinimumVisualStudioVersion = 10.0.40219.1
Project("{9A19103F-16F7-4668-BE54-9A1E7A4F7556}") = "VjezbanjeCS", "VjezbanjeCS\VjezbanjeCS.csproj", "{4444CEEA-6DBB-4125-818D-AEBB67906D0C}"
EndProject
Project("{9A19103F-16F7-4668-BE54-9A1E7A4F7556}") = "WebAPI", "WebAPI\WebAPI.csproj", "{DCEFE695-D484-4B11-A492-C2D9FAA146EE}"
EndProject
Project("{FAE04EC0-301F-11D3-BF4B-00C04F79EFBC}") = "EdunovaAPP", "EdunovaAPP\EdunovaAPP.csproj", "{704DAA3F-E3D0-48EE-8976-085B660AC58A}"
EndProject
Global
	GlobalSection(SolutionConfigurationPlatforms) = preSolution
		Debug|Any CPU = Debug|Any CPU
		Release|Any CPU = Release|Any CPU
	EndGlobalSection
	GlobalSection(ProjectConfigurationPlatforms) = postSolution
		{4444CEEA-6DBB-4125-818D-AEBB67906D0C}.Debug|Any CPU.ActiveCfg = Debug|Any CPU
		{4444CEEA-6DBB-4125-818D-AEBB67906D0C}.Debug|Any CPU.Build.0 = Debug|Any CPU
		{4444CEEA-6DBB-4125-818D-AEBB67906D0C}.Release|Any CPU.ActiveCfg = Release|Any CPU
		{4444CEEA-6DBB-4125-818D-AEBB67906D0C}.Release|Any CPU.Build.0 = Release|Any CPU
		{DCEFE695-D484-4B11-A492-C2D9FAA146EE}.Debug|Any CPU.ActiveCfg = Debug|Any CPU
		{DCEFE695-D484-4B11-A492-C2D9FAA146EE}.Debug|Any CPU.Build.0 = Debug|Any CPU
		{DCEFE695-D484-4B11-A492-C2D9FAA146EE}.Release|Any CPU.ActiveCfg = Release|Any CPU
		{DCEFE695-D484-4B11-A492-C2D9FAA146EE}.Release|Any CPU.Build.0 = Release|Any CPU
		{704DAA3F-E3D0-48EE-8976-085B660AC58A}.Debug|Any CPU.ActiveCfg = Debug|Any CPU
		{704DAA3F-E3D0-48EE-8976-085B660AC58A}.Debug|Any CPU.Build.0 = Debug|Any CPU
		{704DAA3F-E3D0-48EE-8976-085B660AC58A}.Release|Any CPU.ActiveCfg = Release|Any CPU
		{704DAA3F-E3D0-48EE-8976-085B660AC58A}.Release|Any CPU.Build.0 = Release|Any CPU
	EndGlobalSection
	GlobalSection(SolutionProperties) = preSolution
		HideSolutionNode = FALSE
	EndGlobalSection
	GlobalSection(ExtensibilityGlobals) = postSolution
		SolutionGuid = {DE8C7B3B-82CD-4BE7-96CE-1A66C28468D6}
	EndGlobalSection
EndGlobal
