
Microsoft Visual Studio Solution File, Format Version 12.00
# Visual Studio Version 17
VisualStudioVersion = 17.10.34928.147
MinimumVisualStudioVersion = 10.0.40219.1
Project("{FAE04EC0-301F-11D3-BF4B-00C04F79EFBC}") = "UcenjeCS", "UcenjeCS\UcenjeCS.csproj", "{89029070-DE6A-42E5-AD63-D02E9CB89353}"
EndProject
Project("{FAE04EC0-301F-11D3-BF4B-00C04F79EFBC}") = "WebAPI", "WebAPI\WebAPI.csproj", "{38C89C38-F972-4608-8118-E6614B5E4E6D}"
EndProject
Global
	GlobalSection(SolutionConfigurationPlatforms) = preSolution
		Debug|Any CPU = Debug|Any CPU
		Release|Any CPU = Release|Any CPU
	EndGlobalSection
	GlobalSection(ProjectConfigurationPlatforms) = postSolution
		{89029070-DE6A-42E5-AD63-D02E9CB89353}.Debug|Any CPU.ActiveCfg = Debug|Any CPU
		{89029070-DE6A-42E5-AD63-D02E9CB89353}.Debug|Any CPU.Build.0 = Debug|Any CPU
		{89029070-DE6A-42E5-AD63-D02E9CB89353}.Release|Any CPU.ActiveCfg = Release|Any CPU
		{89029070-DE6A-42E5-AD63-D02E9CB89353}.Release|Any CPU.Build.0 = Release|Any CPU
		{38C89C38-F972-4608-8118-E6614B5E4E6D}.Debug|Any CPU.ActiveCfg = Debug|Any CPU
		{38C89C38-F972-4608-8118-E6614B5E4E6D}.Debug|Any CPU.Build.0 = Debug|Any CPU
		{38C89C38-F972-4608-8118-E6614B5E4E6D}.Release|Any CPU.ActiveCfg = Release|Any CPU
		{38C89C38-F972-4608-8118-E6614B5E4E6D}.Release|Any CPU.Build.0 = Release|Any CPU
	EndGlobalSection
	GlobalSection(SolutionProperties) = preSolution
		HideSolutionNode = FALSE
	EndGlobalSection
	GlobalSection(ExtensibilityGlobals) = postSolution
		SolutionGuid = {421FA6C9-CB28-4BC3-AF5A-DDDBC54FEC75}
	EndGlobalSection
EndGlobal
