
Microsoft Visual Studio Solution File, Format Version 12.00
# Visual Studio Version 17
VisualStudioVersion = 17.10.34928.147
MinimumVisualStudioVersion = 10.0.40219.1
Project("{FAE04EC0-301F-11D3-BF4B-00C04F79EFBC}") = "UcenjeCS", "UcenjeCS\UcenjeCS.csproj", "{D5F5CA34-AF54-4B19-A1C2-7FB8FE90FA12}"
EndProject
Project("{FAE04EC0-301F-11D3-BF4B-00C04F79EFBC}") = "WebAPI", "WebAPI\WebAPI.csproj", "{6D3E11B2-D994-430E-AE5A-D8425E0B2009}"
EndProject
Global
	GlobalSection(SolutionConfigurationPlatforms) = preSolution
		Debug|Any CPU = Debug|Any CPU
		Release|Any CPU = Release|Any CPU
	EndGlobalSection
	GlobalSection(ProjectConfigurationPlatforms) = postSolution
		{D5F5CA34-AF54-4B19-A1C2-7FB8FE90FA12}.Debug|Any CPU.ActiveCfg = Debug|Any CPU
		{D5F5CA34-AF54-4B19-A1C2-7FB8FE90FA12}.Debug|Any CPU.Build.0 = Debug|Any CPU
		{D5F5CA34-AF54-4B19-A1C2-7FB8FE90FA12}.Release|Any CPU.ActiveCfg = Release|Any CPU
		{D5F5CA34-AF54-4B19-A1C2-7FB8FE90FA12}.Release|Any CPU.Build.0 = Release|Any CPU
		{6D3E11B2-D994-430E-AE5A-D8425E0B2009}.Debug|Any CPU.ActiveCfg = Debug|Any CPU
		{6D3E11B2-D994-430E-AE5A-D8425E0B2009}.Debug|Any CPU.Build.0 = Debug|Any CPU
		{6D3E11B2-D994-430E-AE5A-D8425E0B2009}.Release|Any CPU.ActiveCfg = Release|Any CPU
		{6D3E11B2-D994-430E-AE5A-D8425E0B2009}.Release|Any CPU.Build.0 = Release|Any CPU
	EndGlobalSection
	GlobalSection(SolutionProperties) = preSolution
		HideSolutionNode = FALSE
	EndGlobalSection
	GlobalSection(ExtensibilityGlobals) = postSolution
		SolutionGuid = {ECD20873-25EA-472C-96F0-336CF82BE0E0}
	EndGlobalSection
EndGlobal
